PODS:
  - AFNetworking (2.6.3):
    - AFNetworking/NSURLConnection (= 2.6.3)
    - AFNetworking/NSURLSession (= 2.6.3)
    - AFNetworking/Reachability (= 2.6.3)
    - AFNetworking/Security (= 2.6.3)
    - AFNetworking/Serialization (= 2.6.3)
    - AFNetworking/UIKit (= 2.6.3)
  - AFNetworking/NSURLConnection (2.6.3):
    - AFNetworking/Reachability
    - AFNetworking/Security
    - AFNetworking/Serialization
  - AFNetworking/NSURLSession (2.6.3):
    - AFNetworking/Reachability
    - AFNetworking/Security
    - AFNetworking/Serialization
  - AFNetworking/Reachability (2.6.3)
  - AFNetworking/Security (2.6.3)
  - AFNetworking/Serialization (2.6.3)
  - AFNetworking/UIKit (2.6.3):
    - AFNetworking/NSURLConnection
    - AFNetworking/NSURLSession
  - AppsFlyerFramework (4.8.4)
  - Bolts (1.9.0):
    - Bolts/AppLinks (= 1.9.0)
    - Bolts/Tasks (= 1.9.0)
  - Bolts/AppLinks (1.9.0):
    - Bolts/Tasks
  - Bolts/Tasks (1.9.0)
  - Fabric (1.7.6)
  - FBSDKCoreKit (4.32.0):
    - Bolts (~> 1.7)
  - FBSDKLoginKit (4.32.0):
    - FBSDKCoreKit
  - FBSDKShareKit (4.32.0):
    - FBSDKCoreKit (~> 4.32.0)
  - Firebase (4.13.0):
    - Firebase/Core (= 4.13.0)
  - Firebase/Core (4.13.0):
    - FirebaseAnalytics (= 4.2.0)
    - FirebaseCore (= 4.0.20)
  - FirebaseAnalytics (4.2.0):
    - FirebaseCore (~> 4.0)
    - FirebaseInstanceID (~> 2.0)
    - "GoogleToolboxForMac/NSData+zlib (~> 2.1)"
    - nanopb (~> 0.3)
  - FirebaseCore (4.0.20):
    - "GoogleToolboxForMac/NSData+zlib (~> 2.1)"
  - FirebaseInstanceID (2.0.10):
    - FirebaseCore (~> 4.0)
  - FirebaseMessaging (2.2.0):
    - FirebaseAnalytics (~> 4.1)
    - FirebaseCore (~> 4.0)
    - FirebaseInstanceID (~> 2.0)
    - GoogleToolboxForMac/Logger (~> 2.1)
    - Protobuf (~> 3.5)
  - GoogleToolboxForMac/Defines (2.1.4)
  - GoogleToolboxForMac/Logger (2.1.4):
    - GoogleToolboxForMac/Defines (= 2.1.4)
  - "GoogleToolboxForMac/NSData+zlib (2.1.4)":
    - GoogleToolboxForMac/Defines (= 2.1.4)
  - Mixpanel (3.3.0)
  - MXParallaxHeader (0.6.1)
  - nanopb (0.3.8):
    - nanopb/decode (= 0.3.8)
    - nanopb/encode (= 0.3.8)
  - nanopb/decode (0.3.8)
  - nanopb/encode (0.3.8)
  - Protobuf (3.5.0)
  - SCLAlertView-Objective-C (1.1.3)
  - SDWebImage (3.8.2):
    - SDWebImage/Core (= 3.8.2)
  - SDWebImage/Core (3.8.2)
  - SVProgressHUD (2.2.5)
  - TOCropViewController (2.3.6)
  - TOMSMorphingLabel (0.5.1)
  - TTTAttributedLabel (2.0.0)
  - TwitterCore (3.1.0)
  - TwitterKit (3.3.0):
    - TwitterCore (>= 3.1.0)
  - UIActivityIndicator-for-SDWebImage (1.2):
    - SDWebImage (~> 3.7)

DEPENDENCIES:
  - AFNetworking (= 2.6.3)
  - AppsFlyerFramework
  - Fabric
  - FBSDKCoreKit
  - FBSDKLoginKit
  - FBSDKShareKit
  - Firebase
  - FirebaseMessaging
  - Mixpanel
  - MXParallaxHeader
  - SCLAlertView-Objective-C
  - SDWebImage
  - SVProgressHUD
  - TOCropViewController
  - TOMSMorphingLabel
  - TTTAttributedLabel
  - TwitterCore
  - TwitterKit
  - UIActivityIndicator-for-SDWebImage

SPEC REPOS:
  https://github.com/CocoaPods/Specs.git:
    - AFNetworking
    - AppsFlyerFramework
    - Bolts
    - Fabric
    - FBSDKCoreKit
    - FBSDKLoginKit
    - FBSDKShareKit
    - Firebase
    - FirebaseAnalytics
    - FirebaseCore
    - FirebaseInstanceID
    - FirebaseMessaging
    - GoogleToolboxForMac
    - Mixpanel
    - MXParallaxHeader
    - nanopb
    - Protobuf
    - SCLAlertView-Objective-C
    - SDWebImage
    - SVProgressHUD
    - TOCropViewController
    - TOMSMorphingLabel
    - TTTAttributedLabel
    - TwitterCore
    - TwitterKit
    - UIActivityIndicator-for-SDWebImage

SPEC CHECKSUMS:
  AFNetworking: cb8d14a848e831097108418f5d49217339d4eb60
  AppsFlyerFramework: c45bbd289a6f9e9a19976ee270b44edea646aab6
  Bolts: ac6567323eac61e203f6a9763667d0f711be34c8
  Fabric: f8d42c893bb187326a7968b62abe55c36a987a46
  FBSDKCoreKit: 55d7f2ac45d9c4b9b6119f4e43900fe84b9b7b1b
  FBSDKLoginKit: 32ac05c2a59952c363c2e85aafa8f73ba93bcbad
  FBSDKShareKit: 658780d0d108b8ad590a54afb5ac1427bdc8de28
  Firebase: 5ec5e863d269d82d66b4bf56856726f8fb8f0fb3
  FirebaseAnalytics: 7ef69e76a5142f643aeb47c780e1cdce4e23632e
  FirebaseCore: 90cb1c53d69b556f112a1bf72b5fcfaad7650790
  FirebaseInstanceID: 8d20d890d65c917f9f7d9950b6e10a760ad34321
  FirebaseMessaging: 75cdb862e86c30e0913a2ff307e48d49357c5b73
  GoogleToolboxForMac: 91c824d21e85b31c2aae9bb011c5027c9b4e738f
  Mixpanel: 87170a967bb815b48c70a24f3e62de4ebca03454
  MXParallaxHeader: 858c403532ed933b381556a81ce333d7065ad182
  nanopb: 5601e6bca2dbf1ed831b519092ec110f66982ca3
  Protobuf: 8a9838fba8dae3389230e1b7f8c104aa32389c03
  SCLAlertView-Objective-C: 917836fb2349afa58edc43d592d22d21d46bb2a4
  SDWebImage: 098e97e6176540799c27e804c96653ee0833d13c
  SVProgressHUD: 1428aafac632c1f86f62aa4243ec12008d7a51d6
  TOCropViewController: 6d972f2c609372312648f96758e13a7f689efbc0
  TOMSMorphingLabel: 3e88a2bf5257f8993ebc51fb3109187a0bfb2c4d
  TTTAttributedLabel: 8cffe8e127e4e82ff3af1e5386d4cd0ad000b656
  TwitterCore: 644d59e75abccb26cf0a9050d2c4dea0e5412241
  TwitterKit: a2e60ddcedbf54091eac6f27685ca7a87681e1d7
  UIActivityIndicator-for-SDWebImage: 7bf7ebbf0ed1747dedc0d6e949c4603a6d0f9e0c

PODFILE CHECKSUM: 4a1382e413f208ac33cc9ddfeb1778439f4ed77f

COCOAPODS: 1.5.0
