PODS:
  - AFNetworking (2.6.3):
    - AFNetworking/NSURLConnection (= 2.6.3)
    - AFNetworking/NSURLSession (= 2.6.3)
    - AFNetworking/Reachability (= 2.6.3)
    - AFNetworking/Security (= 2.6.3)
    - AFNetworking/Serialization (= 2.6.3)
    - AFNetworking/UIKit (= 2.6.3)
  - AFNetworking/NSURLConnection (2.6.3):
    - AFNetworking/Reachability
    - AFNetworking/Security
    - AFNetworking/Serialization
  - AFNetworking/NSURLSession (2.6.3):
    - AFNetworking/Reachability
    - AFNetworking/Security
    - AFNetworking/Serialization
  - AFNetworking/Reachability (2.6.3)
  - AFNetworking/Security (2.6.3)
  - AFNetworking/Serialization (2.6.3)
  - AFNetworking/UIKit (2.6.3):
    - AFNetworking/NSURLConnection
    - AFNetworking/NSURLSession
  - AppsFlyerFramework (4.8.5)
  - Bolts (1.9.0):
    - Bolts/AppLinks (= 1.9.0)
    - Bolts/Tasks (= 1.9.0)
  - Bolts/AppLinks (1.9.0):
    - Bolts/Tasks
  - Bolts/Tasks (1.9.0)
  - Branch (0.25.0):
    - Branch/Core (= 0.25.0)
  - Branch/Core (0.25.0)
  - Fabric (1.7.7)
  - FBSDKCoreKit (4.33.0):
    - Bolts (~> 1.7)
  - FBSDKLoginKit (4.33.0):
    - FBSDKCoreKit
  - FBSDKShareKit (4.33.0):
    - FBSDKCoreKit (~> 4.33.0)
  - Firebase (5.1.0):
    - Firebase/Core (= 5.1.0)
  - Firebase/Core (5.1.0):
    - Firebase/CoreOnly
    - FirebaseAnalytics (= 5.0.1)
  - Firebase/CoreOnly (5.1.0):
    - FirebaseCore (= 5.0.2)
  - FirebaseAnalytics (5.0.1):
    - FirebaseCore (~> 5.0)
    - FirebaseInstanceID (~> 3.0)
    - "GoogleToolboxForMac/NSData+zlib (~> 2.1)"
    - nanopb (~> 0.3)
  - FirebaseCore (5.0.2):
    - "GoogleToolboxForMac/NSData+zlib (~> 2.1)"
  - FirebaseInstanceID (3.0.0):
    - FirebaseCore (~> 5.0)
  - FirebaseMessaging (3.0.1):
    - FirebaseCore (~> 5.0)
    - FirebaseInstanceID (~> 3.0)
    - GoogleToolboxForMac/Logger (~> 2.1)
    - Protobuf (~> 3.1)
  - GoogleToolboxForMac/Defines (2.1.4)
  - GoogleToolboxForMac/Logger (2.1.4):
    - GoogleToolboxForMac/Defines (= 2.1.4)
  - "GoogleToolboxForMac/NSData+zlib (2.1.4)":
    - GoogleToolboxForMac/Defines (= 2.1.4)
  - HCVimeoVideoExtractor (0.0.1)
  - Mixpanel (3.3.2)
  - MXParallaxHeader (0.6.1)
  - nanopb (0.3.8):
    - nanopb/decode (= 0.3.8)
    - nanopb/encode (= 0.3.8)
  - nanopb/decode (0.3.8)
  - nanopb/encode (0.3.8)
  - Protobuf (3.5.0)
  - SCLAlertView-Objective-C (1.1.3)
  - SDWebImage (3.8.2):
    - SDWebImage/Core (= 3.8.2)
  - SDWebImage/Core (3.8.2)
  - SVProgressHUD (2.2.5)
  - TOCropViewController (2.3.6)
  - TOMSMorphingLabel (0.5.1)
  - TTTAttributedLabel (2.0.0)
  - TwitterCore (3.1.0)
  - TwitterKit (3.3.0):
    - TwitterCore (>= 3.1.0)
  - UIActivityIndicator-for-SDWebImage (1.2):
    - SDWebImage (~> 3.7)
  - ZFPlayer (3.0.0):
    - ZFPlayer/Core (= 3.0.0)
  - ZFPlayer/AVPlayer (3.0.0):
    - ZFPlayer/Core
  - ZFPlayer/ControlView (3.0.0):
    - ZFPlayer/Core
  - ZFPlayer/Core (3.0.0)

DEPENDENCIES:
  - AFNetworking (= 2.6.3)
  - AppsFlyerFramework
  - Branch
  - Fabric
  - FBSDKCoreKit
  - FBSDKLoginKit
  - FBSDKShareKit
  - Firebase
  - FirebaseMessaging
  - HCVimeoVideoExtractor
  - Mixpanel
  - MXParallaxHeader
  - SCLAlertView-Objective-C
  - SDWebImage
  - SVProgressHUD
  - TOCropViewController
  - TOMSMorphingLabel
  - TTTAttributedLabel
  - TwitterCore
  - TwitterKit
  - UIActivityIndicator-for-SDWebImage
  - ZFPlayer (~> 3.0.0)
  - ZFPlayer/AVPlayer (~> 3.0.0)
  - ZFPlayer/ControlView (~> 3.0.0)

SPEC REPOS:
  https://github.com/cocoapods/specs.git:
    - AFNetworking
    - AppsFlyerFramework
    - Bolts
    - Branch
    - Fabric
    - FBSDKCoreKit
    - FBSDKLoginKit
    - FBSDKShareKit
    - Firebase
    - FirebaseAnalytics
    - FirebaseCore
    - FirebaseInstanceID
    - FirebaseMessaging
    - GoogleToolboxForMac
    - HCVimeoVideoExtractor
    - Mixpanel
    - MXParallaxHeader
    - nanopb
    - Protobuf
    - SCLAlertView-Objective-C
    - SDWebImage
    - SVProgressHUD
    - TOCropViewController
    - TOMSMorphingLabel
    - TTTAttributedLabel
    - TwitterCore
    - TwitterKit
    - UIActivityIndicator-for-SDWebImage
    - ZFPlayer

SPEC CHECKSUMS:
  AFNetworking: cb8d14a848e831097108418f5d49217339d4eb60
  AppsFlyerFramework: cf9fdd7367a3871542f46b75b56723395553f951
  Bolts: ac6567323eac61e203f6a9763667d0f711be34c8
  Branch: 127d29ab0a8866025eece1cf9e950ddb6f7d4070
  Fabric: bda89e242bce1b7b8ab264248cf3407774ce0095
  FBSDKCoreKit: 572b047a7e029bc44542bcf8a59414e7ff2b543e
  FBSDKLoginKit: 88cb456349cfb3b554427ce4f8b43729d85dfb40
  FBSDKShareKit: 1869cb24db2cea90666a50cb9d568deb38e2d16e
  Firebase: e08fb0795f35707aeb1d8a715c731c45bdf6fd56
  FirebaseAnalytics: b3628aea54c50464c32c393fb2ea032566e7ecc2
  FirebaseCore: b81044df1044c0857a0737c6324678b72d4f7f00
  FirebaseInstanceID: 83e0040351565df711a5db3d8ebe5ea21aca998a
  FirebaseMessaging: ec6fde5a77824c6da0218f9ca220feb251aa17d5
  GoogleToolboxForMac: 91c824d21e85b31c2aae9bb011c5027c9b4e738f
  HCVimeoVideoExtractor: d3c251280f7027ffd324266e1930b3618e0adb46
  Mixpanel: be4de218d0ffaaae59b498078b2ecf2db1f8072c
  MXParallaxHeader: 858c403532ed933b381556a81ce333d7065ad182
  nanopb: 5601e6bca2dbf1ed831b519092ec110f66982ca3
  Protobuf: 8a9838fba8dae3389230e1b7f8c104aa32389c03
  SCLAlertView-Objective-C: 917836fb2349afa58edc43d592d22d21d46bb2a4
  SDWebImage: 098e97e6176540799c27e804c96653ee0833d13c
  SVProgressHUD: 1428aafac632c1f86f62aa4243ec12008d7a51d6
  TOCropViewController: 6d972f2c609372312648f96758e13a7f689efbc0
  TOMSMorphingLabel: 3e88a2bf5257f8993ebc51fb3109187a0bfb2c4d
  TTTAttributedLabel: 8cffe8e127e4e82ff3af1e5386d4cd0ad000b656
  TwitterCore: 644d59e75abccb26cf0a9050d2c4dea0e5412241
  TwitterKit: a2e60ddcedbf54091eac6f27685ca7a87681e1d7
  UIActivityIndicator-for-SDWebImage: 7bf7ebbf0ed1747dedc0d6e949c4603a6d0f9e0c
  ZFPlayer: 4853d12575f7ab1b7538600b317ecb723a71b7d7

PODFILE CHECKSUM: 2a67dd1ddb20220c59892b4b1e1cb9a18b71fb45

COCOAPODS: 1.5.3
